
Microsoft Visual Studio Solution File, Format Version 12.00
# Visual Studio Version 17
VisualStudioVersion = 17.6.33801.468
MinimumVisualStudioVersion = 10.0.40219.1
Project("{FAE04EC0-301F-11D3-BF4B-00C04F79EFBC}") = "RoutingInMVC", "RoutingInMVC\RoutingInMVC.csproj", "{D01AF74A-2CA8-4E4B-A332-C6D923C373C6}"
EndProject
Project("{FAE04EC0-301F-11D3-BF4B-00C04F79EFBC}") = "AttributeRouting", "AttributeRouting\AttributeRouting.csproj", "{4A6ABC63-100B-4C71-B416-B075A9494CFF}"
EndProject
Global
	GlobalSection(SolutionConfigurationPlatforms) = preSolution
		Debug|Any CPU = Debug|Any CPU
		Release|Any CPU = Release|Any CPU
	EndGlobalSection
	GlobalSection(ProjectConfigurationPlatforms) = postSolution
		{D01AF74A-2CA8-4E4B-A332-C6D923C373C6}.Debug|Any CPU.ActiveCfg = Debug|Any CPU
		{D01AF74A-2CA8-4E4B-A332-C6D923C373C6}.Debug|Any CPU.Build.0 = Debug|Any CPU
		{D01AF74A-2CA8-4E4B-A332-C6D923C373C6}.Release|Any CPU.ActiveCfg = Release|Any CPU
		{D01AF74A-2CA8-4E4B-A332-C6D923C373C6}.Release|Any CPU.Build.0 = Release|Any CPU
		{4A6ABC63-100B-4C71-B416-B075A9494CFF}.Debug|Any CPU.ActiveCfg = Debug|Any CPU
		{4A6ABC63-100B-4C71-B416-B075A9494CFF}.Debug|Any CPU.Build.0 = Debug|Any CPU
		{4A6ABC63-100B-4C71-B416-B075A9494CFF}.Release|Any CPU.ActiveCfg = Release|Any CPU
		{4A6ABC63-100B-4C71-B416-B075A9494CFF}.Release|Any CPU.Build.0 = Release|Any CPU
	EndGlobalSection
	GlobalSection(SolutionProperties) = preSolution
		HideSolutionNode = FALSE
	EndGlobalSection
	GlobalSection(ExtensibilityGlobals) = postSolution
		SolutionGuid = {7CC3761E-38EA-4536-803D-AF3291F96093}
	EndGlobalSection
EndGlobal
