
Microsoft Visual Studio Solution File, Format Version 12.00
# Visual Studio Version 17
VisualStudioVersion = 17.6.33801.468
MinimumVisualStudioVersion = 10.0.40219.1
Project("{FAE04EC0-301F-11D3-BF4B-00C04F79EFBC}") = "ViewBag", "ViewBag\ViewBag.csproj", "{EFD9DFBB-1876-4FC6-B47A-05CF8EC3F78E}"
EndProject
Global
	GlobalSection(SolutionConfigurationPlatforms) = preSolution
		Debug|Any CPU = Debug|Any CPU
		Release|Any CPU = Release|Any CPU
	EndGlobalSection
	GlobalSection(ProjectConfigurationPlatforms) = postSolution
		{EFD9DFBB-1876-4FC6-B47A-05CF8EC3F78E}.Debug|Any CPU.ActiveCfg = Debug|Any CPU
		{EFD9DFBB-1876-4FC6-B47A-05CF8EC3F78E}.Debug|Any CPU.Build.0 = Debug|Any CPU
		{EFD9DFBB-1876-4FC6-B47A-05CF8EC3F78E}.Release|Any CPU.ActiveCfg = Release|Any CPU
		{EFD9DFBB-1876-4FC6-B47A-05CF8EC3F78E}.Release|Any CPU.Build.0 = Release|Any CPU
	EndGlobalSection
	GlobalSection(SolutionProperties) = preSolution
		HideSolutionNode = FALSE
	EndGlobalSection
	GlobalSection(ExtensibilityGlobals) = postSolution
		SolutionGuid = {FAA56321-7944-4BF6-8EB4-CA9B238E9029}
	EndGlobalSection
EndGlobal
